
Microsoft Visual Studio Solution File, Format Version 12.00
# Visual Studio 15
VisualStudioVersion = 15.0.28307.329
MinimumVisualStudioVersion = 10.0.40219.1
Project("{9A19103F-16F7-4668-BE54-9A1E7A4F7556}") = "Final_Project", "Final_Project\Final_Project.csproj", "{1A38D21F-C59B-40E7-8DFF-FE1279EA3A1F}"
EndProject
Global
	GlobalSection(SolutionConfigurationPlatforms) = preSolution
		Debug|Any CPU = Debug|Any CPU
		Release|Any CPU = Release|Any CPU
	EndGlobalSection
	GlobalSection(ProjectConfigurationPlatforms) = postSolution
		{1A38D21F-C59B-40E7-8DFF-FE1279EA3A1F}.Debug|Any CPU.ActiveCfg = Debug|Any CPU
		{1A38D21F-C59B-40E7-8DFF-FE1279EA3A1F}.Debug|Any CPU.Build.0 = Debug|Any CPU
		{1A38D21F-C59B-40E7-8DFF-FE1279EA3A1F}.Release|Any CPU.ActiveCfg = Release|Any CPU
		{1A38D21F-C59B-40E7-8DFF-FE1279EA3A1F}.Release|Any CPU.Build.0 = Release|Any CPU
	EndGlobalSection
	GlobalSection(SolutionProperties) = preSolution
		HideSolutionNode = FALSE
	EndGlobalSection
	GlobalSection(ExtensibilityGlobals) = postSolution
		SolutionGuid = {D4BF5113-E3B4-4441-9272-FEC695EC485E}
	EndGlobalSection
EndGlobal
